
Microsoft Visual Studio Solution File, Format Version 12.00
# Visual Studio Version 17
VisualStudioVersion = 17.0.31903.59
MinimumVisualStudioVersion = 10.0.40219.1
Project("{2150E333-8FDC-42A3-9474-1A3956D46DE8}") = "Business", "Business", "{DE7055E4-FB5B-49E0-9EC8-26D116D1EE43}"
EndProject
Project("{2150E333-8FDC-42A3-9474-1A3956D46DE8}") = "Core", "Core", "{E7363C26-D40A-4357-AB19-A08DD4232A87}"
EndProject
Project("{2150E333-8FDC-42A3-9474-1A3956D46DE8}") = "Infrastructure", "Infrastructure", "{3A644925-3B66-4216-AAE8-518F3E0799F3}"
EndProject
Project("{2150E333-8FDC-42A3-9474-1A3956D46DE8}") = "Presentation", "Presentation", "{4D87CC5E-E691-4395-8036-EFEA57F23C5A}"
EndProject
Project("{2150E333-8FDC-42A3-9474-1A3956D46DE8}") = "Service", "Service", "{67356BA4-6BFD-4D2F-A2AF-F60F5751022E}"
EndProject
Project("{9A19103F-16F7-4668-BE54-9A1E7A4F7556}") = "Entities", "Entities\Entities.csproj", "{60F5E13F-12D1-4690-9D85-CF342EB51CE3}"
EndProject
Project("{9A19103F-16F7-4668-BE54-9A1E7A4F7556}") = "ProductApplication", "Product\ProductApplication.csproj", "{653A6280-E16A-440D-A2B7-8A523C4BA07A}"
	ProjectSection(ProjectDependencies) = postProject
		{41F49D43-54F0-4AFB-BD4E-2406ED6CF705} = {41F49D43-54F0-4AFB-BD4E-2406ED6CF705}
		{4ABEA198-2D11-4240-BF21-59765048948B} = {4ABEA198-2D11-4240-BF21-59765048948B}
	EndProjectSection
EndProject
Project("{9A19103F-16F7-4668-BE54-9A1E7A4F7556}") = "ApiGetWay", "ApiGetWay\ApiGetWay.csproj", "{AA826341-F330-48D6-8D3B-50D3E410A44A}"
EndProject
Project("{9A19103F-16F7-4668-BE54-9A1E7A4F7556}") = "WebApi", "WebApi\WebApi.csproj", "{6755017F-B877-439B-B523-5EB2A48550E0}"
	ProjectSection(ProjectDependencies) = postProject
		{4ABEA198-2D11-4240-BF21-59765048948B} = {4ABEA198-2D11-4240-BF21-59765048948B}
	EndProjectSection
EndProject
Project("{9A19103F-16F7-4668-BE54-9A1E7A4F7556}") = "Infrastructure", "Infrastructure\Infrastructure.csproj", "{41F49D43-54F0-4AFB-BD4E-2406ED6CF705}"
EndProject
Project("{FAE04EC0-301F-11D3-BF4B-00C04F79EFBC}") = "Sheard", "Sheard\Sheard.csproj", "{4ABEA198-2D11-4240-BF21-59765048948B}"
EndProject
Project("{FAE04EC0-301F-11D3-BF4B-00C04F79EFBC}") = "IdentityServer", "IdentityServer\IdentityServer.csproj", "{F6E55531-3B78-4B64-B38E-48B5C98CC0C8}"
EndProject
Global
	GlobalSection(SolutionConfigurationPlatforms) = preSolution
		Debug|Any CPU = Debug|Any CPU
		Release|Any CPU = Release|Any CPU
	EndGlobalSection
	GlobalSection(ProjectConfigurationPlatforms) = postSolution
		{60F5E13F-12D1-4690-9D85-CF342EB51CE3}.Debug|Any CPU.ActiveCfg = Debug|Any CPU
		{60F5E13F-12D1-4690-9D85-CF342EB51CE3}.Debug|Any CPU.Build.0 = Debug|Any CPU
		{60F5E13F-12D1-4690-9D85-CF342EB51CE3}.Release|Any CPU.ActiveCfg = Release|Any CPU
		{60F5E13F-12D1-4690-9D85-CF342EB51CE3}.Release|Any CPU.Build.0 = Release|Any CPU
		{653A6280-E16A-440D-A2B7-8A523C4BA07A}.Debug|Any CPU.ActiveCfg = Debug|Any CPU
		{653A6280-E16A-440D-A2B7-8A523C4BA07A}.Debug|Any CPU.Build.0 = Debug|Any CPU
		{653A6280-E16A-440D-A2B7-8A523C4BA07A}.Release|Any CPU.ActiveCfg = Release|Any CPU
		{653A6280-E16A-440D-A2B7-8A523C4BA07A}.Release|Any CPU.Build.0 = Release|Any CPU
		{AA826341-F330-48D6-8D3B-50D3E410A44A}.Debug|Any CPU.ActiveCfg = Debug|Any CPU
		{AA826341-F330-48D6-8D3B-50D3E410A44A}.Debug|Any CPU.Build.0 = Debug|Any CPU
		{AA826341-F330-48D6-8D3B-50D3E410A44A}.Release|Any CPU.ActiveCfg = Release|Any CPU
		{AA826341-F330-48D6-8D3B-50D3E410A44A}.Release|Any CPU.Build.0 = Release|Any CPU
		{6755017F-B877-439B-B523-5EB2A48550E0}.Debug|Any CPU.ActiveCfg = Debug|Any CPU
		{6755017F-B877-439B-B523-5EB2A48550E0}.Debug|Any CPU.Build.0 = Debug|Any CPU
		{6755017F-B877-439B-B523-5EB2A48550E0}.Release|Any CPU.ActiveCfg = Release|Any CPU
		{6755017F-B877-439B-B523-5EB2A48550E0}.Release|Any CPU.Build.0 = Release|Any CPU
		{41F49D43-54F0-4AFB-BD4E-2406ED6CF705}.Debug|Any CPU.ActiveCfg = Debug|Any CPU
		{41F49D43-54F0-4AFB-BD4E-2406ED6CF705}.Debug|Any CPU.Build.0 = Debug|Any CPU
		{41F49D43-54F0-4AFB-BD4E-2406ED6CF705}.Release|Any CPU.ActiveCfg = Release|Any CPU
		{41F49D43-54F0-4AFB-BD4E-2406ED6CF705}.Release|Any CPU.Build.0 = Release|Any CPU
		{4ABEA198-2D11-4240-BF21-59765048948B}.Debug|Any CPU.ActiveCfg = Debug|Any CPU
		{4ABEA198-2D11-4240-BF21-59765048948B}.Debug|Any CPU.Build.0 = Debug|Any CPU
		{4ABEA198-2D11-4240-BF21-59765048948B}.Release|Any CPU.ActiveCfg = Release|Any CPU
		{4ABEA198-2D11-4240-BF21-59765048948B}.Release|Any CPU.Build.0 = Release|Any CPU
		{F6E55531-3B78-4B64-B38E-48B5C98CC0C8}.Debug|Any CPU.ActiveCfg = Debug|Any CPU
		{F6E55531-3B78-4B64-B38E-48B5C98CC0C8}.Debug|Any CPU.Build.0 = Debug|Any CPU
		{F6E55531-3B78-4B64-B38E-48B5C98CC0C8}.Release|Any CPU.ActiveCfg = Release|Any CPU
		{F6E55531-3B78-4B64-B38E-48B5C98CC0C8}.Release|Any CPU.Build.0 = Release|Any CPU
	EndGlobalSection
	GlobalSection(SolutionProperties) = preSolution
		HideSolutionNode = FALSE
	EndGlobalSection
	GlobalSection(NestedProjects) = preSolution
		{60F5E13F-12D1-4690-9D85-CF342EB51CE3} = {E7363C26-D40A-4357-AB19-A08DD4232A87}
		{653A6280-E16A-440D-A2B7-8A523C4BA07A} = {DE7055E4-FB5B-49E0-9EC8-26D116D1EE43}
		{AA826341-F330-48D6-8D3B-50D3E410A44A} = {67356BA4-6BFD-4D2F-A2AF-F60F5751022E}
		{6755017F-B877-439B-B523-5EB2A48550E0} = {4D87CC5E-E691-4395-8036-EFEA57F23C5A}
		{41F49D43-54F0-4AFB-BD4E-2406ED6CF705} = {3A644925-3B66-4216-AAE8-518F3E0799F3}
		{4ABEA198-2D11-4240-BF21-59765048948B} = {3A644925-3B66-4216-AAE8-518F3E0799F3}
		{F6E55531-3B78-4B64-B38E-48B5C98CC0C8} = {67356BA4-6BFD-4D2F-A2AF-F60F5751022E}
	EndGlobalSection
	GlobalSection(ExtensibilityGlobals) = postSolution
		SolutionGuid = {11E43F52-F310-4EAB-A64F-D8CC01B0168A}
	EndGlobalSection
EndGlobal
